
Microsoft Visual Studio Solution File, Format Version 12.00
# Visual Studio Version 16
VisualStudioVersion = 16.0.31624.102
MinimumVisualStudioVersion = 10.0.40219.1
Project("{FAE04EC0-301F-11D3-BF4B-00C04F79EFBC}") = "C356-Project", "C356-Project\C356-Project.csproj", "{3238E1D3-C8C9-48D3-8ADD-D04956132C48}"
EndProject
Global
	GlobalSection(SolutionConfigurationPlatforms) = preSolution
		Debug|Any CPU = Debug|Any CPU
		Release|Any CPU = Release|Any CPU
	EndGlobalSection
	GlobalSection(ProjectConfigurationPlatforms) = postSolution
		{3238E1D3-C8C9-48D3-8ADD-D04956132C48}.Debug|Any CPU.ActiveCfg = Debug|Any CPU
		{3238E1D3-C8C9-48D3-8ADD-D04956132C48}.Debug|Any CPU.Build.0 = Debug|Any CPU
		{3238E1D3-C8C9-48D3-8ADD-D04956132C48}.Release|Any CPU.ActiveCfg = Release|Any CPU
		{3238E1D3-C8C9-48D3-8ADD-D04956132C48}.Release|Any CPU.Build.0 = Release|Any CPU
	EndGlobalSection
	GlobalSection(SolutionProperties) = preSolution
		HideSolutionNode = FALSE
	EndGlobalSection
	GlobalSection(ExtensibilityGlobals) = postSolution
		SolutionGuid = {4742B84B-3452-4CD4-B51C-C808A598A641}
	EndGlobalSection
EndGlobal
