
Microsoft Visual Studio Solution File, Format Version 12.00
# Visual Studio Version 16
VisualStudioVersion = 16.0.31624.102
MinimumVisualStudioVersion = 10.0.40219.1
Project("{FAE04EC0-301F-11D3-BF4B-00C04F79EFBC}") = "CS356-CourseProject", "CS356-CourseProject\CS356-CourseProject.csproj", "{4C338B1C-6B93-40B2-959C-EAECC20C9915}"
EndProject
Global
	GlobalSection(SolutionConfigurationPlatforms) = preSolution
		Debug|Any CPU = Debug|Any CPU
		Release|Any CPU = Release|Any CPU
	EndGlobalSection
	GlobalSection(ProjectConfigurationPlatforms) = postSolution
		{4C338B1C-6B93-40B2-959C-EAECC20C9915}.Debug|Any CPU.ActiveCfg = Debug|Any CPU
		{4C338B1C-6B93-40B2-959C-EAECC20C9915}.Debug|Any CPU.Build.0 = Debug|Any CPU
		{4C338B1C-6B93-40B2-959C-EAECC20C9915}.Release|Any CPU.ActiveCfg = Release|Any CPU
		{4C338B1C-6B93-40B2-959C-EAECC20C9915}.Release|Any CPU.Build.0 = Release|Any CPU
	EndGlobalSection
	GlobalSection(SolutionProperties) = preSolution
		HideSolutionNode = FALSE
	EndGlobalSection
	GlobalSection(ExtensibilityGlobals) = postSolution
		SolutionGuid = {A3739989-55CC-4480-B476-2FE3DDACF8D1}
	EndGlobalSection
EndGlobal
